
Microsoft Visual Studio Solution File, Format Version 12.00
Project("{2150E333-8FDC-42A3-9474-1A3956D46DE8}") = ".paket", ".paket", "{C5FD3A8D-5AFF-4EAF-B808-87793662635C}"
	ProjectSection(SolutionItems) = preProject
		paket.dependencies = paket.dependencies
		paket.lock = paket.lock
	EndProjectSection
EndProject
Project("{2150E333-8FDC-42A3-9474-1A3956D46DE8}") = "src", "src", "{E90D0681-1DA8-4D03-A600-A0E6C41786E0}"
EndProject
Project("{F2A71F9B-5D33-465A-A702-920D77279786}") = "BlockChain.API", "src\BlockChain.API\BlockChain.API.fsproj", "{87551B2F-B3FE-4192-BF7E-7A903F9EA903}"
EndProject
Project("{F2A71F9B-5D33-465A-A702-920D77279786}") = "BlockChain.Core", "src\BlockChain.Core\BlockChain.Core.fsproj", "{DF04CE25-21DE-4788-9B28-4896BE246FB9}"
EndProject
Project("{F2A71F9B-5D33-465A-A702-920D77279786}") = "BlockChain.Clients.Console", "src\BlockChain.Clients.Console\BlockChain.Clients.Console.fsproj", "{ED7F381B-697A-479F-942F-E5AA8436E79D}"
EndProject
Global
	GlobalSection(SolutionConfigurationPlatforms) = preSolution
		Debug|Any CPU = Debug|Any CPU
		Release|Any CPU = Release|Any CPU
	EndGlobalSection
	GlobalSection(NestedProjects) = preSolution
		{87551B2F-B3FE-4192-BF7E-7A903F9EA903} = {E90D0681-1DA8-4D03-A600-A0E6C41786E0}
		{DF04CE25-21DE-4788-9B28-4896BE246FB9} = {E90D0681-1DA8-4D03-A600-A0E6C41786E0}
		{ED7F381B-697A-479F-942F-E5AA8436E79D} = {E90D0681-1DA8-4D03-A600-A0E6C41786E0}
	EndGlobalSection
	GlobalSection(ProjectConfigurationPlatforms) = postSolution
		{87551B2F-B3FE-4192-BF7E-7A903F9EA903}.Debug|Any CPU.ActiveCfg = Debug|Any CPU
		{87551B2F-B3FE-4192-BF7E-7A903F9EA903}.Debug|Any CPU.Build.0 = Debug|Any CPU
		{87551B2F-B3FE-4192-BF7E-7A903F9EA903}.Release|Any CPU.ActiveCfg = Release|Any CPU
		{87551B2F-B3FE-4192-BF7E-7A903F9EA903}.Release|Any CPU.Build.0 = Release|Any CPU
		{DF04CE25-21DE-4788-9B28-4896BE246FB9}.Debug|Any CPU.ActiveCfg = Debug|Any CPU
		{DF04CE25-21DE-4788-9B28-4896BE246FB9}.Debug|Any CPU.Build.0 = Debug|Any CPU
		{DF04CE25-21DE-4788-9B28-4896BE246FB9}.Release|Any CPU.ActiveCfg = Release|Any CPU
		{DF04CE25-21DE-4788-9B28-4896BE246FB9}.Release|Any CPU.Build.0 = Release|Any CPU
		{ED7F381B-697A-479F-942F-E5AA8436E79D}.Debug|Any CPU.ActiveCfg = Debug|Any CPU
		{ED7F381B-697A-479F-942F-E5AA8436E79D}.Debug|Any CPU.Build.0 = Debug|Any CPU
		{ED7F381B-697A-479F-942F-E5AA8436E79D}.Release|Any CPU.ActiveCfg = Release|Any CPU
		{ED7F381B-697A-479F-942F-E5AA8436E79D}.Release|Any CPU.Build.0 = Release|Any CPU
	EndGlobalSection
EndGlobal
